
Microsoft Visual Studio Solution File, Format Version 12.00
# Visual Studio Version 17
VisualStudioVersion = 17.9.34701.34
MinimumVisualStudioVersion = 10.0.40219.1
Project("{FAE04EC0-301F-11D3-BF4B-00C04F79EFBC}") = "Наслілування_2", "Наслілування_2\Наслілування_2.csproj", "{235CA62A-7EF6-48DF-895E-245F282A3A82}"
EndProject
Global
	GlobalSection(SolutionConfigurationPlatforms) = preSolution
		Debug|Any CPU = Debug|Any CPU
		Release|Any CPU = Release|Any CPU
	EndGlobalSection
	GlobalSection(ProjectConfigurationPlatforms) = postSolution
		{235CA62A-7EF6-48DF-895E-245F282A3A82}.Debug|Any CPU.ActiveCfg = Debug|Any CPU
		{235CA62A-7EF6-48DF-895E-245F282A3A82}.Debug|Any CPU.Build.0 = Debug|Any CPU
		{235CA62A-7EF6-48DF-895E-245F282A3A82}.Release|Any CPU.ActiveCfg = Release|Any CPU
		{235CA62A-7EF6-48DF-895E-245F282A3A82}.Release|Any CPU.Build.0 = Release|Any CPU
	EndGlobalSection
	GlobalSection(SolutionProperties) = preSolution
		HideSolutionNode = FALSE
	EndGlobalSection
	GlobalSection(ExtensibilityGlobals) = postSolution
		SolutionGuid = {F348424D-8D20-49DC-9D9B-1309485FD8A5}
	EndGlobalSection
EndGlobal
